github.com/jchv/go-webview2 v0.0.0-20210914114259-3cb833fa11b4 h1:i7QM6l+1l3cpb4TKO8avG2dtpjUScRFrXdgczFswo10=
github.com/jchv/go-webview2 v0.0.0-20210914114259-3cb833fa11b4/go.mod h1:7Q5nFip7HvzGJDYVfa22s/pb9T2X+XhEjLhylNf5dV8=
github.com/jchv/go-winloader v0.0.0-20200815041850-dec1ee9a7fd5 h1:pdFFlHXY9tZXmJz+tRSm1DzYEH4ebha7cffmm607bMU=
github.com/jchv/go-winloader v0.0.0-20200815041850-dec1ee9a7fd5/go.mod h1:alcuEEnZsY1WQsagKhZDsoPCRoOijYqhZvPwLG0kzVs=
github.com/nfnt/resize v0.0.0-20180221191011-83c6a9932646 h1:zYyBkD/k9seD2A7fsi6Oo2LfFZAehjjQMERAvZLEDnQ=
github.com/nfnt/resize v0.0.0-20180221191011-83c6a9932646/go.mod h1:jpp1/29i3P1S/RLdc7JQKbRpFeM1dOBd8T9ki5s+AY8=
github.com/tc-hib/winres v0.1.4 h1:3j6CLjQNrPeoJr9iquNYgB8MRLnpLirOPGKdzGf8Mdw=
github.com/tc-hib/winres v0.1.4/go.mod h1:pe6dOR40VOrGz8PkzreVKNvEKnlE8t4yR8A8naL+t7A=
github.com/webview/webview v0.0.0-20210330151455-f540d88dde4e h1:z780M7mCrdt6KiICeW9SGirvQjxDlrVU+n99FO93nbI=
github.com/webview/webview v0.0.0-20210330151455-f540d88dde4e/go.mod h1:rpXAuuHgyEJb6kXcXldlkOjU6y4x+YcASKKXJNUhh0Y=
golang.org/x/image v0.0.0-20201208152932-35266b937fa6 h1:nfeHNc1nAqecKCy2FCy4HY+soOOe5sDLJ/gZLbx6GYI=
golang.org/x/image v0.0.0-20201208152932-35266b937fa6/go.mod h1:FeLwcggjj3mMvU+oOTbSwawSJRM1uh48EjtB4UJZlP0=
golang.org/x/sys v0.0.0-20200810151505-1b9f1253b3ed/go.mod h1:h1NjWce9XRLGQEsW7wpKNCjG9DtNlClVuFLEZdDNbEs=
golang.org/x/sys v0.0.0-20200814200057-3d37ad5750ed h1:J22ig1FUekjjkmZUM7pTKixYm8DvrYsvrBZdunYeIuQ=
golang.org/x/sys v0.0.0-20200814200057-3d37ad5750ed/go.mod h1:h1NjWce9XRLGQEsW7wpKNCjG9DtNlClVuFLEZdDNbEs=
golang.org/x/text v0.3.0/go.mod h1:NqM8EUOU14njkJ3fqMW+pc6Ldnwhi/IjpwHt7yyuwOQ=
